// !$*UTF8*$!
{
	archiveVersion = 1;
	classes = {
	};
	objectVersion = 55;
	objects = {

/* Begin PBXBuildFile section */
		79B887582930BFB400BD54A0 /* AppDelegate.swift in Sources */ = {isa = PBXBuildFile; fileRef = 79B887572930BFB400BD54A0 /* AppDelegate.swift */; };
		79B8875C2930BFB400BD54A0 /* ViewController.swift in Sources */ = {isa = PBXBuildFile; fileRef = 79B8875B2930BFB400BD54A0 /* ViewController.swift */; };
		79B8875F2930BFB400BD54A0 /* Main.storyboard in Resources */ = {isa = PBXBuildFile; fileRef = 79B8875D2930BFB400BD54A0 /* Main.storyboard */; };
		79B887612930BFB600BD54A0 /* Assets.xcassets in Resources */ = {isa = PBXBuildFile; fileRef = 79B887602930BFB600BD54A0 /* Assets.xcassets */; };
		79B887642930BFB600BD54A0 /* LaunchScreen.storyboard in Resources */ = {isa = PBXBuildFile; fileRef = 79B887622930BFB600BD54A0 /* LaunchScreen.storyboard */; };
		79B8876F2930BFB600BD54A0 /* EVAKitTests.swift in Sources */ = {isa = PBXBuildFile; fileRef = 79B8876E2930BFB600BD54A0 /* EVAKitTests.swift */; };
		79B887792930BFB600BD54A0 /* EVAKitUITests.swift in Sources */ = {isa = PBXBuildFile; fileRef = 79B887782930BFB600BD54A0 /* EVAKitUITests.swift */; };
		79B8877B2930BFB600BD54A0 /* EVAKitUITestsLaunchTests.swift in Sources */ = {isa = PBXBuildFile; fileRef = 79B8877A2930BFB600BD54A0 /* EVAKitUITestsLaunchTests.swift */; };
		79B8878B2930C3A900BD54A0 /* Device+EVA.swift in Sources */ = {isa = PBXBuildFile; fileRef = 79B8878A2930C3A900BD54A0 /* Device+EVA.swift */; };
		79B887912930C6D800BD54A0 /* EVA.swift in Sources */ = {isa = PBXBuildFile; fileRef = 79B887902930C6D800BD54A0 /* EVA.swift */; };
/* End PBXBuildFile section */

/* Begin PBXContainerItemProxy section */
		79B8876B2930BFB600BD54A0 /* PBXContainerItemProxy */ = {
			isa = PBXContainerItemProxy;
			containerPortal = 79B8874C2930BFB400BD54A0 /* Project object */;
			proxyType = 1;
			remoteGlobalIDString = 79B887532930BFB400BD54A0;
			remoteInfo = EVAKit;
		};
		79B887752930BFB600BD54A0 /* PBXContainerItemProxy */ = {
			isa = PBXContainerItemProxy;
			containerPortal = 79B8874C2930BFB400BD54A0 /* Project object */;
			proxyType = 1;
			remoteGlobalIDString = 79B887532930BFB400BD54A0;
			remoteInfo = EVAKit;
		};
/* End PBXContainerItemProxy section */

/* Begin PBXFileReference section */
		79B887542930BFB400BD54A0 /* EVAKit.app */ = {isa = PBXFileReference; explicitFileType = wrapper.application; includeInIndex = 0; path = EVAKit.app; sourceTree = BUILT_PRODUCTS_DIR; };
		79B887572930BFB400BD54A0 /* AppDelegate.swift */ = {isa = PBXFileReference; lastKnownFileType = sourcecode.swift; path = AppDelegate.swift; sourceTree = "<group>"; };
		79B8875B2930BFB400BD54A0 /* ViewController.swift */ = {isa = PBXFileReference; lastKnownFileType = sourcecode.swift; path = ViewController.swift; sourceTree = "<group>"; };
		79B8875E2930BFB400BD54A0 /* Base */ = {isa = PBXFileReference; lastKnownFileType = file.storyboard; name = Base; path = Base.lproj/Main.storyboard; sourceTree = "<group>"; };
		79B887602930BFB600BD54A0 /* Assets.xcassets */ = {isa = PBXFileReference; lastKnownFileType = folder.assetcatalog; path = Assets.xcassets; sourceTree = "<group>"; };
		79B887632930BFB600BD54A0 /* Base */ = {isa = PBXFileReference; lastKnownFileType = file.storyboard; name = Base; path = Base.lproj/LaunchScreen.storyboard; sourceTree = "<group>"; };
		79B887652930BFB600BD54A0 /* Info.plist */ = {isa = PBXFileReference; lastKnownFileType = text.plist.xml; path = Info.plist; sourceTree = "<group>"; };
		79B8876A2930BFB600BD54A0 /* EVAKitTests.xctest */ = {isa = PBXFileReference; explicitFileType = wrapper.cfbundle; includeInIndex = 0; path = EVAKitTests.xctest; sourceTree = BUILT_PRODUCTS_DIR; };
		79B8876E2930BFB600BD54A0 /* EVAKitTests.swift */ = {isa = PBXFileReference; lastKnownFileType = sourcecode.swift; path = EVAKitTests.swift; sourceTree = "<group>"; };
		79B887742930BFB600BD54A0 /* EVAKitUITests.xctest */ = {isa = PBXFileReference; explicitFileType = wrapper.cfbundle; includeInIndex = 0; path = EVAKitUITests.xctest; sourceTree = BUILT_PRODUCTS_DIR; };
		79B887782930BFB600BD54A0 /* EVAKitUITests.swift */ = {isa = PBXFileReference; lastKnownFileType = sourcecode.swift; path = EVAKitUITests.swift; sourceTree = "<group>"; };
		79B8877A2930BFB600BD54A0 /* EVAKitUITestsLaunchTests.swift */ = {isa = PBXFileReference; lastKnownFileType = sourcecode.swift; path = EVAKitUITestsLaunchTests.swift; sourceTree = "<group>"; };
		79B8878A2930C3A900BD54A0 /* Device+EVA.swift */ = {isa = PBXFileReference; lastKnownFileType = sourcecode.swift; path = "Device+EVA.swift"; sourceTree = "<group>"; };
		79B887902930C6D800BD54A0 /* EVA.swift */ = {isa = PBXFileReference; lastKnownFileType = sourcecode.swift; path = EVA.swift; sourceTree = "<group>"; };
/* End PBXFileReference section */

/* Begin PBXFrameworksBuildPhase section */
		79B887512930BFB400BD54A0 /* Frameworks */ = {
			isa = PBXFrameworksBuildPhase;
			buildActionMask = 2147483647;
			files = (
			);
			runOnlyForDeploymentPostprocessing = 0;
		};
		79B887672930BFB600BD54A0 /* Frameworks */ = {
			isa = PBXFrameworksBuildPhase;
			buildActionMask = 2147483647;
			files = (
			);
			runOnlyForDeploymentPostprocessing = 0;
		};
		79B887712930BFB600BD54A0 /* Frameworks */ = {
			isa = PBXFrameworksBuildPhase;
			buildActionMask = 2147483647;
			files = (
			);
			runOnlyForDeploymentPostprocessing = 0;
		};
/* End PBXFrameworksBuildPhase section */

/* Begin PBXGroup section */
		79B8874B2930BFB400BD54A0 = {
			isa = PBXGroup;
			children = (
				79B887562930BFB400BD54A0 /* EVAKit */,
				79B8876D2930BFB600BD54A0 /* EVAKitTests */,
				79B887772930BFB600BD54A0 /* EVAKitUITests */,
				79B887552930BFB400BD54A0 /* Products */,
			);
			sourceTree = "<group>";
		};
		79B887552930BFB400BD54A0 /* Products */ = {
			isa = PBXGroup;
			children = (
				79B887542930BFB400BD54A0 /* EVAKit.app */,
				79B8876A2930BFB600BD54A0 /* EVAKitTests.xctest */,
				79B887742930BFB600BD54A0 /* EVAKitUITests.xctest */,
			);
			name = Products;
			sourceTree = "<group>";
		};
		79B887562930BFB400BD54A0 /* EVAKit */ = {
			isa = PBXGroup;
			children = (
				79B887872930C32700BD54A0 /* EVAKit */,
				79B887572930BFB400BD54A0 /* AppDelegate.swift */,
				79B8875B2930BFB400BD54A0 /* ViewController.swift */,
				79B8875D2930BFB400BD54A0 /* Main.storyboard */,
				79B887602930BFB600BD54A0 /* Assets.xcassets */,
				79B887622930BFB600BD54A0 /* LaunchScreen.storyboard */,
				79B887652930BFB600BD54A0 /* Info.plist */,
			);
			path = EVAKit;
			sourceTree = "<group>";
		};
		79B8876D2930BFB600BD54A0 /* EVAKitTests */ = {
			isa = PBXGroup;
			children = (
				79B8876E2930BFB600BD54A0 /* EVAKitTests.swift */,
			);
			path = EVAKitTests;
			sourceTree = "<group>";
		};
		79B887772930BFB600BD54A0 /* EVAKitUITests */ = {
			isa = PBXGroup;
			children = (
				79B887782930BFB600BD54A0 /* EVAKitUITests.swift */,
				79B8877A2930BFB600BD54A0 /* EVAKitUITestsLaunchTests.swift */,
			);
			path = EVAKitUITests;
			sourceTree = "<group>";
		};
		79B887872930C32700BD54A0 /* EVAKit */ = {
			isa = PBXGroup;
			children = (
				79B887902930C6D800BD54A0 /* EVA.swift */,
				79B887882930C34600BD54A0 /* Extension */,
			);
			path = EVAKit;
			sourceTree = "<group>";
		};
		79B887882930C34600BD54A0 /* Extension */ = {
			isa = PBXGroup;
			children = (
				79B887892930C34600BD54A0 /* Device */,
			);
			path = Extension;
			sourceTree = "<group>";
		};
		79B887892930C34600BD54A0 /* Device */ = {
			isa = PBXGroup;
			children = (
				79B8878A2930C3A900BD54A0 /* Device+EVA.swift */,
			);
			path = Device;
			sourceTree = "<group>";
		};
/* End PBXGroup section */

/* Begin PBXNativeTarget section */
		79B887532930BFB400BD54A0 /* EVAKit */ = {
			isa = PBXNativeTarget;
			buildConfigurationList = 79B8877E2930BFB600BD54A0 /* Build configuration list for PBXNativeTarget "EVAKit" */;
			buildPhases = (
				79B887502930BFB400BD54A0 /* Sources */,
				79B887512930BFB400BD54A0 /* Frameworks */,
				79B887522930BFB400BD54A0 /* Resources */,
			);
			buildRules = (
			);
			dependencies = (
			);
			name = EVAKit;
			productName = EVAKit;
			productReference = 79B887542930BFB400BD54A0 /* EVAKit.app */;
			productType = "com.apple.product-type.application";
		};
		79B887692930BFB600BD54A0 /* EVAKitTests */ = {
			isa = PBXNativeTarget;
			buildConfigurationList = 79B887812930BFB600BD54A0 /* Build configuration list for PBXNativeTarget "EVAKitTests" */;
			buildPhases = (
				79B887662930BFB600BD54A0 /* Sources */,
				79B887672930BFB600BD54A0 /* Frameworks */,
				79B887682930BFB600BD54A0 /* Resources */,
			);
			buildRules = (
			);
			dependencies = (
				79B8876C2930BFB600BD54A0 /* PBXTargetDependency */,
			);
			name = EVAKitTests;
			productName = EVAKitTests;
			productReference = 79B8876A2930BFB600BD54A0 /* EVAKitTests.xctest */;
			productType = "com.apple.product-type.bundle.unit-test";
		};
		79B887732930BFB600BD54A0 /* EVAKitUITests */ = {
			isa = PBXNativeTarget;
			buildConfigurationList = 79B887842930BFB600BD54A0 /* Build configuration list for PBXNativeTarget "EVAKitUITests" */;
			buildPhases = (
				79B887702930BFB600BD54A0 /* Sources */,
				79B887712930BFB600BD54A0 /* Frameworks */,
				79B887722930BFB600BD54A0 /* Resources */,
			);
			buildRules = (
			);
			dependencies = (
				79B887762930BFB600BD54A0 /* PBXTargetDependency */,
			);
			name = EVAKitUITests;
			productName = EVAKitUITests;
			productReference = 79B887742930BFB600BD54A0 /* EVAKitUITests.xctest */;
			productType = "com.apple.product-type.bundle.ui-testing";
		};
/* End PBXNativeTarget section */

/* Begin PBXProject section */
		79B8874C2930BFB400BD54A0 /* Project object */ = {
			isa = PBXProject;
			attributes = {
				BuildIndependentTargetsInParallel = 1;
				LastSwiftUpdateCheck = 1340;
				LastUpgradeCheck = 1340;
				TargetAttributes = {
					79B887532930BFB400BD54A0 = {
						CreatedOnToolsVersion = 13.4;
					};
					79B887692930BFB600BD54A0 = {
						CreatedOnToolsVersion = 13.4;
						TestTargetID = 79B887532930BFB400BD54A0;
					};
					79B887732930BFB600BD54A0 = {
						CreatedOnToolsVersion = 13.4;
						TestTargetID = 79B887532930BFB400BD54A0;
					};
				};
			};
			buildConfigurationList = 79B8874F2930BFB400BD54A0 /* Build configuration list for PBXProject "EVAKit" */;
			compatibilityVersion = "Xcode 13.0";
			developmentRegion = en;
			hasScannedForEncodings = 0;
			knownRegions = (
				en,
				Base,
			);
			mainGroup = 79B8874B2930BFB400BD54A0;
			productRefGroup = 79B887552930BFB400BD54A0 /* Products */;
			projectDirPath = "";
			projectRoot = "";
			targets = (
				79B887532930BFB400BD54A0 /* EVAKit */,
				79B887692930BFB600BD54A0 /* EVAKitTests */,
				79B887732930BFB600BD54A0 /* EVAKitUITests */,
			);
		};
/* End PBXProject section */

/* Begin PBXResourcesBuildPhase section */
		79B887522930BFB400BD54A0 /* Resources */ = {
			isa = PBXResourcesBuildPhase;
			buildActionMask = 2147483647;
			files = (
				79B887642930BFB600BD54A0 /* LaunchScreen.storyboard in Resources */,
				79B887612930BFB600BD54A0 /* Assets.xcassets in Resources */,
				79B8875F2930BFB400BD54A0 /* Main.storyboard in Resources */,
			);
			runOnlyForDeploymentPostprocessing = 0;
		};
		79B887682930BFB600BD54A0 /* Resources */ = {
			isa = PBXResourcesBuildPhase;
			buildActionMask = 2147483647;
			files = (
			);
			runOnlyForDeploymentPostprocessing = 0;
		};
		79B887722930BFB600BD54A0 /* Resources */ = {
			isa = PBXResourcesBuildPhase;
			buildActionMask = 2147483647;
			files = (
			);
			runOnlyForDeploymentPostprocessing = 0;
		};
/* End PBXResourcesBuildPhase section */

/* Begin PBXSourcesBuildPhase section */
		79B887502930BFB400BD54A0 /* Sources */ = {
			isa = PBXSourcesBuildPhase;
			buildActionMask = 2147483647;
			files = (
				79B887912930C6D800BD54A0 /* EVA.swift in Sources */,
				79B8878B2930C3A900BD54A0 /* Device+EVA.swift in Sources */,
				79B8875C2930BFB400BD54A0 /* ViewController.swift in Sources */,
				79B887582930BFB400BD54A0 /* AppDelegate.swift in Sources */,
			);
			runOnlyForDeploymentPostprocessing = 0;
		};
		79B887662930BFB600BD54A0 /* Sources */ = {
			isa = PBXSourcesBuildPhase;
			buildActionMask = 2147483647;
			files = (
				79B8876F2930BFB600BD54A0 /* EVAKitTests.swift in Sources */,
			);
			runOnlyForDeploymentPostprocessing = 0;
		};
		79B887702930BFB600BD54A0 /* Sources */ = {
			isa = PBXSourcesBuildPhase;
			buildActionMask = 2147483647;
			files = (
				79B8877B2930BFB600BD54A0 /* EVAKitUITestsLaunchTests.swift in Sources */,
				79B887792930BFB600BD54A0 /* EVAKitUITests.swift in Sources */,
			);
			runOnlyForDeploymentPostprocessing = 0;
		};
/* End PBXSourcesBuildPhase section */

/* Begin PBXTargetDependency section */
		79B8876C2930BFB600BD54A0 /* PBXTargetDependency */ = {
			isa = PBXTargetDependency;
			target = 79B887532930BFB400BD54A0 /* EVAKit */;
			targetProxy = 79B8876B2930BFB600BD54A0 /* PBXContainerItemProxy */;
		};
		79B887762930BFB600BD54A0 /* PBXTargetDependency */ = {
			isa = PBXTargetDependency;
			target = 79B887532930BFB400BD54A0 /* EVAKit */;
			targetProxy = 79B887752930BFB600BD54A0 /* PBXContainerItemProxy */;
		};
/* End PBXTargetDependency section */

/* Begin PBXVariantGroup section */
		79B8875D2930BFB400BD54A0 /* Main.storyboard */ = {
			isa = PBXVariantGroup;
			children = (
				79B8875E2930BFB400BD54A0 /* Base */,
			);
			name = Main.storyboard;
			sourceTree = "<group>";
		};
		79B887622930BFB600BD54A0 /* LaunchScreen.storyboard */ = {
			isa = PBXVariantGroup;
			children = (
				79B887632930BFB600BD54A0 /* Base */,
			);
			name = LaunchScreen.storyboard;
			sourceTree = "<group>";
		};
/* End PBXVariantGroup section */

/* Begin XCBuildConfiguration section */
		79B8877C2930BFB600BD54A0 /* Debug */ = {
			isa = XCBuildConfiguration;
			buildSettings = {
				ALWAYS_SEARCH_USER_PATHS = NO;
				CLANG_ANALYZER_NONNULL = YES;
				CLANG_ANALYZER_NUMBER_OBJECT_CONVERSION = YES_AGGRESSIVE;
				CLANG_CXX_LANGUAGE_STANDARD = "gnu++17";
				CLANG_ENABLE_MODULES = YES;
				CLANG_ENABLE_OBJC_ARC = YES;
				CLANG_ENABLE_OBJC_WEAK = YES;
				CLANG_WARN_BLOCK_CAPTURE_AUTORELEASING = YES;
				CLANG_WARN_BOOL_CONVERSION = YES;
				CLANG_WARN_COMMA = YES;
				CLANG_WARN_CONSTANT_CONVERSION = YES;
				CLANG_WARN_DEPRECATED_OBJC_IMPLEMENTATIONS = YES;
				CLANG_WARN_DIRECT_OBJC_ISA_USAGE = YES_ERROR;
				CLANG_WARN_DOCUMENTATION_COMMENTS = YES;
				CLANG_WARN_EMPTY_BODY = YES;
				CLANG_WARN_ENUM_CONVERSION = YES;
				CLANG_WARN_INFINITE_RECURSION = YES;
				CLANG_WARN_INT_CONVERSION = YES;
				CLANG_WARN_NON_LITERAL_NULL_CONVERSION = YES;
				CLANG_WARN_OBJC_IMPLICIT_RETAIN_SELF = YES;
				CLANG_WARN_OBJC_LITERAL_CONVERSION = YES;
				CLANG_WARN_OBJC_ROOT_CLASS = YES_ERROR;
				CLANG_WARN_QUOTED_INCLUDE_IN_FRAMEWORK_HEADER = YES;
				CLANG_WARN_RANGE_LOOP_ANALYSIS = YES;
				CLANG_WARN_STRICT_PROTOTYPES = YES;
				CLANG_WARN_SUSPICIOUS_MOVE = YES;
				CLANG_WARN_UNGUARDED_AVAILABILITY = YES_AGGRESSIVE;
				CLANG_WARN_UNREACHABLE_CODE = YES;
				CLANG_WARN__DUPLICATE_METHOD_MATCH = YES;
				COPY_PHASE_STRIP = NO;
				DEBUG_INFORMATION_FORMAT = dwarf;
				ENABLE_STRICT_OBJC_MSGSEND = YES;
				ENABLE_TESTABILITY = YES;
				GCC_C_LANGUAGE_STANDARD = gnu11;
				GCC_DYNAMIC_NO_PIC = NO;
				GCC_NO_COMMON_BLOCKS = YES;
				GCC_OPTIMIZATION_LEVEL = 0;
				GCC_PREPROCESSOR_DEFINITIONS = (
					"DEBUG=1",
					"$(inherited)",
				);
				GCC_WARN_64_TO_32_BIT_CONVERSION = YES;
				GCC_WARN_ABOUT_RETURN_TYPE = YES_ERROR;
				GCC_WARN_UNDECLARED_SELECTOR = YES;
				GCC_WARN_UNINITIALIZED_AUTOS = YES_AGGRESSIVE;
				GCC_WARN_UNUSED_FUNCTION = YES;
				GCC_WARN_UNUSED_VARIABLE = YES;
				IPHONEOS_DEPLOYMENT_TARGET = 15.5;
				MTL_ENABLE_DEBUG_INFO = INCLUDE_SOURCE;
				MTL_FAST_MATH = YES;
				ONLY_ACTIVE_ARCH = YES;
				SDKROOT = iphoneos;
				SWIFT_ACTIVE_COMPILATION_CONDITIONS = DEBUG;
				SWIFT_OPTIMIZATION_LEVEL = "-Onone";
			};
			name = Debug;
		};
		79B8877D2930BFB600BD54A0 /* Release */ = {
			isa = XCBuildConfiguration;
			buildSettings = {
				ALWAYS_SEARCH_USER_PATHS = NO;
				CLANG_ANALYZER_NONNULL = YES;
				CLANG_ANALYZER_NUMBER_OBJECT_CONVERSION = YES_AGGRESSIVE;
				CLANG_CXX_LANGUAGE_STANDARD = "gnu++17";
				CLANG_ENABLE_MODULES = YES;
				CLANG_ENABLE_OBJC_ARC = YES;
				CLANG_ENABLE_OBJC_WEAK = YES;
				CLANG_WARN_BLOCK_CAPTURE_AUTORELEASING = YES;
				CLANG_WARN_BOOL_CONVERSION = YES;
				CLANG_WARN_COMMA = YES;
				CLANG_WARN_CONSTANT_CONVERSION = YES;
				CLANG_WARN_DEPRECATED_OBJC_IMPLEMENTATIONS = YES;
				CLANG_WARN_DIRECT_OBJC_ISA_USAGE = YES_ERROR;
				CLANG_WARN_DOCUMENTATION_COMMENTS = YES;
				CLANG_WARN_EMPTY_BODY = YES;
				CLANG_WARN_ENUM_CONVERSION = YES;
				CLANG_WARN_INFINITE_RECURSION = YES;
				CLANG_WARN_INT_CONVERSION = YES;
				CLANG_WARN_NON_LITERAL_NULL_CONVERSION = YES;
				CLANG_WARN_OBJC_IMPLICIT_RETAIN_SELF = YES;
				CLANG_WARN_OBJC_LITERAL_CONVERSION = YES;
				CLANG_WARN_OBJC_ROOT_CLASS = YES_ERROR;
				CLANG_WARN_QUOTED_INCLUDE_IN_FRAMEWORK_HEADER = YES;
				CLANG_WARN_RANGE_LOOP_ANALYSIS = YES;
				CLANG_WARN_STRICT_PROTOTYPES = YES;
				CLANG_WARN_SUSPICIOUS_MOVE = YES;
				CLANG_WARN_UNGUARDED_AVAILABILITY = YES_AGGRESSIVE;
				CLANG_WARN_UNREACHABLE_CODE = YES;
				CLANG_WARN__DUPLICATE_METHOD_MATCH = YES;
				COPY_PHASE_STRIP = NO;
				DEBUG_INFORMATION_FORMAT = "dwarf-with-dsym";
				ENABLE_NS_ASSERTIONS = NO;
				ENABLE_STRICT_OBJC_MSGSEND = YES;
				GCC_C_LANGUAGE_STANDARD = gnu11;
				GCC_NO_COMMON_BLOCKS = YES;
				GCC_WARN_64_TO_32_BIT_CONVERSION = YES;
				GCC_WARN_ABOUT_RETURN_TYPE = YES_ERROR;
				GCC_WARN_UNDECLARED_SELECTOR = YES;
				GCC_WARN_UNINITIALIZED_AUTOS = YES_AGGRESSIVE;
				GCC_WARN_UNUSED_FUNCTION = YES;
				GCC_WARN_UNUSED_VARIABLE = YES;
				IPHONEOS_DEPLOYMENT_TARGET = 15.5;
				MTL_ENABLE_DEBUG_INFO = NO;
				MTL_FAST_MATH = YES;
				SDKROOT = iphoneos;
				SWIFT_COMPILATION_MODE = wholemodule;
				SWIFT_OPTIMIZATION_LEVEL = "-O";
				VALIDATE_PRODUCT = YES;
			};
			name = Release;
		};
		79B8877F2930BFB600BD54A0 /* Debug */ = {
			isa = XCBuildConfiguration;
			buildSettings = {
				ASSETCATALOG_COMPILER_APPICON_NAME = AppIcon;
				ASSETCATALOG_COMPILER_GLOBAL_ACCENT_COLOR_NAME = AccentColor;
				CODE_SIGN_STYLE = Automatic;
				CURRENT_PROJECT_VERSION = 2;
				DEVELOPMENT_TEAM = RQ584L4S8V;
				GENERATE_INFOPLIST_FILE = YES;
				INFOPLIST_FILE = EVAKit/Info.plist;
				INFOPLIST_KEY_UIApplicationSupportsIndirectInputEvents = YES;
				INFOPLIST_KEY_UILaunchStoryboardName = LaunchScreen;
				INFOPLIST_KEY_UIMainStoryboardFile = Main;
				INFOPLIST_KEY_UISupportedInterfaceOrientations = "UIInterfaceOrientationPortrait UIInterfaceOrientationPortraitUpsideDown UIInterfaceOrientationLandscapeLeft UIInterfaceOrientationLandscapeRight";
				INFOPLIST_KEY_UISupportedInterfaceOrientations_iPad = "UIInterfaceOrientationPortrait UIInterfaceOrientationPortraitUpsideDown UIInterfaceOrientationLandscapeLeft UIInterfaceOrientationLandscapeRight";
				INFOPLIST_KEY_UISupportedInterfaceOrientations_iPhone = "UIInterfaceOrientationPortrait UIInterfaceOrientationLandscapeLeft UIInterfaceOrientationLandscapeRight";
				IPHONEOS_DEPLOYMENT_TARGET = 9.0;
				LD_RUNPATH_SEARCH_PATHS = (
					"$(inherited)",
					"@executable_path/Frameworks",
				);
				MARKETING_VERSION = 1.0;
				PRODUCT_BUNDLE_IDENTIFIER = com.JFTPAY.JH;
				PRODUCT_NAME = "$(TARGET_NAME)";
				SWIFT_EMIT_LOC_STRINGS = YES;
				SWIFT_VERSION = 5.0;
				TARGETED_DEVICE_FAMILY = "1,2";
			};
			name = Debug;
		};
		79B887802930BFB600BD54A0 /* Release */ = {
			isa = XCBuildConfiguration;
			buildSettings = {
				ASSETCATALOG_COMPILER_APPICON_NAME = AppIcon;
				ASSETCATALOG_COMPILER_GLOBAL_ACCENT_COLOR_NAME = AccentColor;
				CODE_SIGN_STYLE = Automatic;
				CURRENT_PROJECT_VERSION = 2;
				DEVELOPMENT_TEAM = RQ584L4S8V;
				GENERATE_INFOPLIST_FILE = YES;
				INFOPLIST_FILE = EVAKit/Info.plist;
				INFOPLIST_KEY_UIApplicationSupportsIndirectInputEvents = YES;
				INFOPLIST_KEY_UILaunchStoryboardName = LaunchScreen;
				INFOPLIST_KEY_UIMainStoryboardFile = Main;
				INFOPLIST_KEY_UISupportedInterfaceOrientations = "UIInterfaceOrientationPortrait UIInterfaceOrientationPortraitUpsideDown UIInterfaceOrientationLandscapeLeft UIInterfaceOrientationLandscapeRight";
				INFOPLIST_KEY_UISupportedInterfaceOrientations_iPad = "UIInterfaceOrientationPortrait UIInterfaceOrientationPortraitUpsideDown UIInterfaceOrientationLandscapeLeft UIInterfaceOrientationLandscapeRight";
				INFOPLIST_KEY_UISupportedInterfaceOrientations_iPhone = "UIInterfaceOrientationPortrait UIInterfaceOrientationLandscapeLeft UIInterfaceOrientationLandscapeRight";
				IPHONEOS_DEPLOYMENT_TARGET = 9.0;
				LD_RUNPATH_SEARCH_PATHS = (
					"$(inherited)",
					"@executable_path/Frameworks",
				);
				MARKETING_VERSION = 1.0;
				PRODUCT_BUNDLE_IDENTIFIER = com.JFTPAY.JH;
				PRODUCT_NAME = "$(TARGET_NAME)";
				SWIFT_EMIT_LOC_STRINGS = YES;
				SWIFT_VERSION = 5.0;
				TARGETED_DEVICE_FAMILY = "1,2";
			};
			name = Release;
		};
		79B887822930BFB600BD54A0 /* Debug */ = {
			isa = XCBuildConfiguration;
			buildSettings = {
				ALWAYS_EMBED_SWIFT_STANDARD_LIBRARIES = YES;
				BUNDLE_LOADER = "$(TEST_HOST)";
				CODE_SIGN_STYLE = Automatic;
				CURRENT_PROJECT_VERSION = 1;
				DEVELOPMENT_TEAM = 43UFJZ42M9;
				GENERATE_INFOPLIST_FILE = YES;
				IPHONEOS_DEPLOYMENT_TARGET = 15.5;
				MARKETING_VERSION = 1.0;
				PRODUCT_BUNDLE_IDENTIFIER = com.JFTPAY.test.EVAKitTests;
				PRODUCT_NAME = "$(TARGET_NAME)";
				SWIFT_EMIT_LOC_STRINGS = NO;
				SWIFT_VERSION = 5.0;
				TARGETED_DEVICE_FAMILY = "1,2";
				TEST_HOST = "$(BUILT_PRODUCTS_DIR)/EVAKit.app/EVAKit";
			};
			name = Debug;
		};
		79B887832930BFB600BD54A0 /* Release */ = {
			isa = XCBuildConfiguration;
			buildSettings = {
				ALWAYS_EMBED_SWIFT_STANDARD_LIBRARIES = YES;
				BUNDLE_LOADER = "$(TEST_HOST)";
				CODE_SIGN_STYLE = Automatic;
				CURRENT_PROJECT_VERSION = 1;
				DEVELOPMENT_TEAM = 43UFJZ42M9;
				GENERATE_INFOPLIST_FILE = YES;
				IPHONEOS_DEPLOYMENT_TARGET = 15.5;
				MARKETING_VERSION = 1.0;
				PRODUCT_BUNDLE_IDENTIFIER = com.JFTPAY.test.EVAKitTests;
				PRODUCT_NAME = "$(TARGET_NAME)";
				SWIFT_EMIT_LOC_STRINGS = NO;
				SWIFT_VERSION = 5.0;
				TARGETED_DEVICE_FAMILY = "1,2";
				TEST_HOST = "$(BUILT_PRODUCTS_DIR)/EVAKit.app/EVAKit";
			};
			name = Release;
		};
		79B887852930BFB600BD54A0 /* Debug */ = {
			isa = XCBuildConfiguration;
			buildSettings = {
				ALWAYS_EMBED_SWIFT_STANDARD_LIBRARIES = YES;
				CODE_SIGN_STYLE = Automatic;
				CURRENT_PROJECT_VERSION = 1;
				DEVELOPMENT_TEAM = 43UFJZ42M9;
				GENERATE_INFOPLIST_FILE = YES;
				MARKETING_VERSION = 1.0;
				PRODUCT_BUNDLE_IDENTIFIER = com.JFTPAY.test.EVAKitUITests;
				PRODUCT_NAME = "$(TARGET_NAME)";
				SWIFT_EMIT_LOC_STRINGS = NO;
				SWIFT_VERSION = 5.0;
				TARGETED_DEVICE_FAMILY = "1,2";
				TEST_TARGET_NAME = EVAKit;
			};
			name = Debug;
		};
		79B887862930BFB600BD54A0 /* Release */ = {
			isa = XCBuildConfiguration;
			buildSettings = {
				ALWAYS_EMBED_SWIFT_STANDARD_LIBRARIES = YES;
				CODE_SIGN_STYLE = Automatic;
				CURRENT_PROJECT_VERSION = 1;
				DEVELOPMENT_TEAM = 43UFJZ42M9;
				GENERATE_INFOPLIST_FILE = YES;
				MARKETING_VERSION = 1.0;
				PRODUCT_BUNDLE_IDENTIFIER = com.JFTPAY.test.EVAKitUITests;
				PRODUCT_NAME = "$(TARGET_NAME)";
				SWIFT_EMIT_LOC_STRINGS = NO;
				SWIFT_VERSION = 5.0;
				TARGETED_DEVICE_FAMILY = "1,2";
				TEST_TARGET_NAME = EVAKit;
			};
			name = Release;
		};
/* End XCBuildConfiguration section */

/* Begin XCConfigurationList section */
		79B8874F2930BFB400BD54A0 /* Build configuration list for PBXProject "EVAKit" */ = {
			isa = XCConfigurationList;
			buildConfigurations = (
				79B8877C2930BFB600BD54A0 /* Debug */,
				79B8877D2930BFB600BD54A0 /* Release */,
			);
			defaultConfigurationIsVisible = 0;
			defaultConfigurationName = Release;
		};
		79B8877E2930BFB600BD54A0 /* Build configuration list for PBXNativeTarget "EVAKit" */ = {
			isa = XCConfigurationList;
			buildConfigurations = (
				79B8877F2930BFB600BD54A0 /* Debug */,
				79B887802930BFB600BD54A0 /* Release */,
			);
			defaultConfigurationIsVisible = 0;
			defaultConfigurationName = Release;
		};
		79B887812930BFB600BD54A0 /* Build configuration list for PBXNativeTarget "EVAKitTests" */ = {
			isa = XCConfigurationList;
			buildConfigurations = (
				79B887822930BFB600BD54A0 /* Debug */,
				79B887832930BFB600BD54A0 /* Release */,
			);
			defaultConfigurationIsVisible = 0;
			defaultConfigurationName = Release;
		};
		79B887842930BFB600BD54A0 /* Build configuration list for PBXNativeTarget "EVAKitUITests" */ = {
			isa = XCConfigurationList;
			buildConfigurations = (
				79B887852930BFB600BD54A0 /* Debug */,
				79B887862930BFB600BD54A0 /* Release */,
			);
			defaultConfigurationIsVisible = 0;
			defaultConfigurationName = Release;
		};
/* End XCConfigurationList section */
	};
	rootObject = 79B8874C2930BFB400BD54A0 /* Project object */;
}
